
Microsoft Visual Studio Solution File, Format Version 12.00
# Visual Studio 15
VisualStudioVersion = 15.0.27703.2042
MinimumVisualStudioVersion = 10.0.40219.1
Project("{FAE04EC0-301F-11D3-BF4B-00C04F79EFBC}") = "GSheetsRegex", "GSheetsRegex.csproj", "{A72ACC90-14A9-4C7B-B6D0-457A098CAC29}"
EndProject
Global
	GlobalSection(SolutionConfigurationPlatforms) = preSolution
		Debug|Any CPU = Debug|Any CPU
		Release|Any CPU = Release|Any CPU
	EndGlobalSection
	GlobalSection(ProjectConfigurationPlatforms) = postSolution
		{A72ACC90-14A9-4C7B-B6D0-457A098CAC29}.Debug|Any CPU.ActiveCfg = Debug|Any CPU
		{A72ACC90-14A9-4C7B-B6D0-457A098CAC29}.Debug|Any CPU.Build.0 = Debug|Any CPU
		{A72ACC90-14A9-4C7B-B6D0-457A098CAC29}.Release|Any CPU.ActiveCfg = Release|Any CPU
		{A72ACC90-14A9-4C7B-B6D0-457A098CAC29}.Release|Any CPU.Build.0 = Release|Any CPU
	EndGlobalSection
	GlobalSection(SolutionProperties) = preSolution
		HideSolutionNode = FALSE
	EndGlobalSection
	GlobalSection(ExtensibilityGlobals) = postSolution
		SolutionGuid = {8D788DD9-5BF4-4467-87B8-404AFE8CCA5C}
	EndGlobalSection
EndGlobal
